dependencies:
  bblanchon/arduinojson:
    component_hash: b1c2f0b0bc26969af19809cee80b220fb882481d59cc75f8e79ebceecdc69f06
    dependencies: []
    source:
      registry_url: https://components.espressif.com/
      type: service
    version: 7.4.2
  idf:
    source:
      type: idf
    version: 5.5.2
direct_dependencies:
- bblanchon/arduinojson
- idf
manifest_hash: 1583561a5cc8fb3b1a5ea8857e7b93b8828d85071975197f0f1c10cd6827ae60
target: esp32c6
version: 2.0.0
